// !$*UTF8*$!
{
	archiveVersion = 1;
	classes = {
	};
	objectVersion = 46;
	objects = {

/* Begin PBXBuildFile section */
		720CC1D81D996EA60038BF71 /* AppDelegate.swift in Sources */ = {isa = PBXBuildFile; fileRef = 720CC1D71D996EA60038BF71 /* AppDelegate.swift */; };
		720CC1DA1D996EA60038BF71 /* ViewController.swift in Sources */ = {isa = PBXBuildFile; fileRef = 720CC1D91D996EA60038BF71 /* ViewController.swift */; };
		720CC1DD1D996EA60038BF71 /* Main.storyboard in Resources */ = {isa = PBXBuildFile; fileRef = 720CC1DB1D996EA60038BF71 /* Main.storyboard */; };
		720CC1DF1D996EA60038BF71 /* Assets.xcassets in Resources */ = {isa = PBXBuildFile; fileRef = 720CC1DE1D996EA60038BF71 /* Assets.xcassets */; };
		720CC1E21D996EA60038BF71 /* LaunchScreen.storyboard in Resources */ = {isa = PBXBuildFile; fileRef = 720CC1E01D996EA60038BF71 /* LaunchScreen.storyboard */; };
		720CC1ED1D996EA60038BF71 /* _01Tests.swift in Sources */ = {isa = PBXBuildFile; fileRef = 720CC1EC1D996EA60038BF71 /* _01Tests.swift */; };
		720CC1F81D996EA70038BF71 /* _01UITests.swift in Sources */ = {isa = PBXBuildFile; fileRef = 720CC1F71D996EA70038BF71 /* _01UITests.swift */; };
/* End PBXBuildFile section */

/* Begin PBXContainerItemProxy section */
		720CC1E91D996EA60038BF71 /* PBXContainerItemProxy */ = {
			isa = PBXContainerItemProxy;
			containerPortal = 720CC1CC1D996EA60038BF71 /* Project object */;
			proxyType = 1;
			remoteGlobalIDString = 720CC1D31D996EA60038BF71;
			remoteInfo = 001;
		};
		720CC1F41D996EA70038BF71 /* PBXContainerItemProxy */ = {
			isa = PBXContainerItemProxy;
			containerPortal = 720CC1CC1D996EA60038BF71 /* Project object */;
			proxyType = 1;
			remoteGlobalIDString = 720CC1D31D996EA60038BF71;
			remoteInfo = 001;
		};
/* End PBXContainerItemProxy section */

/* Begin PBXFileReference section */
		720CC1D41D996EA60038BF71 /* 001.app */ = {isa = PBXFileReference; explicitFileType = wrapper.application; includeInIndex = 0; path = 001.app; sourceTree = BUILT_PRODUCTS_DIR; };
		720CC1D71D996EA60038BF71 /* AppDelegate.swift */ = {isa = PBXFileReference; lastKnownFileType = sourcecode.swift; path = AppDelegate.swift; sourceTree = "<group>"; };
		720CC1D91D996EA60038BF71 /* ViewController.swift */ = {isa = PBXFileReference; lastKnownFileType = sourcecode.swift; path = ViewController.swift; sourceTree = "<group>"; };
		720CC1DC1D996EA60038BF71 /* Base */ = {isa = PBXFileReference; lastKnownFileType = file.storyboard; name = Base; path = Base.lproj/Main.storyboard; sourceTree = "<group>"; };
		720CC1DE1D996EA60038BF71 /* Assets.xcassets */ = {isa = PBXFileReference; lastKnownFileType = folder.assetcatalog; path = Assets.xcassets; sourceTree = "<group>"; };
		720CC1E11D996EA60038BF71 /* Base */ = {isa = PBXFileReference; lastKnownFileType = file.storyboard; name = Base; path = Base.lproj/LaunchScreen.storyboard; sourceTree = "<group>"; };
		720CC1E31D996EA60038BF71 /* Info.plist */ = {isa = PBXFileReference; lastKnownFileType = text.plist.xml; path = Info.plist; sourceTree = "<group>"; };
		720CC1E81D996EA60038BF71 /* 001Tests.xctest */ = {isa = PBXFileReference; explicitFileType = wrapper.cfbundle; includeInIndex = 0; path = 001Tests.xctest; sourceTree = BUILT_PRODUCTS_DIR; };
		720CC1EC1D996EA60038BF71 /* _01Tests.swift */ = {isa = PBXFileReference; lastKnownFileType = sourcecode.swift; path = _01Tests.swift; sourceTree = "<group>"; };
		720CC1EE1D996EA70038BF71 /* Info.plist */ = {isa = PBXFileReference; lastKnownFileType = text.plist.xml; path = Info.plist; sourceTree = "<group>"; };
		720CC1F31D996EA70038BF71 /* 001UITests.xctest */ = {isa = PBXFileReference; explicitFileType = wrapper.cfbundle; includeInIndex = 0; path = 001UITests.xctest; sourceTree = BUILT_PRODUCTS_DIR; };
		720CC1F71D996EA70038BF71 /* _01UITests.swift */ = {isa = PBXFileReference; lastKnownFileType = sourcecode.swift; path = _01UITests.swift; sourceTree = "<group>"; };
		720CC1F91D996EA70038BF71 /* Info.plist */ = {isa = PBXFileReference; lastKnownFileType = text.plist.xml; path = Info.plist; sourceTree = "<group>"; };
/* End PBXFileReference section */

/* Begin PBXFrameworksBuildPhase section */
		720CC1D11D996EA60038BF71 /* Frameworks */ = {
			isa = PBXFrameworksBuildPhase;
			buildActionMask = 2147483647;
			files = (
			);
			runOnlyForDeploymentPostprocessing = 0;
		};
		720CC1E51D996EA60038BF71 /* Frameworks */ = {
			isa = PBXFrameworksBuildPhase;
			buildActionMask = 2147483647;
			files = (
			);
			runOnlyForDeploymentPostprocessing = 0;
		};
		720CC1F01D996EA70038BF71 /* Frameworks */ = {
			isa = PBXFrameworksBuildPhase;
			buildActionMask = 2147483647;
			files = (
			);
			runOnlyForDeploymentPostprocessing = 0;
		};
/* End PBXFrameworksBuildPhase section */

/* Begin PBXGroup section */
		720CC1CB1D996EA60038BF71 = {
			isa = PBXGroup;
			children = (
				720CC1D61D996EA60038BF71 /* 001 */,
				720CC1EB1D996EA60038BF71 /* 001Tests */,
				720CC1F61D996EA70038BF71 /* 001UITests */,
				720CC1D51D996EA60038BF71 /* Products */,
			);
			sourceTree = "<group>";
		};
		720CC1D51D996EA60038BF71 /* Products */ = {
			isa = PBXGroup;
			children = (
				720CC1D41D996EA60038BF71 /* 001.app */,
				720CC1E81D996EA60038BF71 /* 001Tests.xctest */,
				720CC1F31D996EA70038BF71 /* 001UITests.xctest */,
			);
			name = Products;
			sourceTree = "<group>";
		};
		720CC1D61D996EA60038BF71 /* 001 */ = {
			isa = PBXGroup;
			children = (
				720CC1D71D996EA60038BF71 /* AppDelegate.swift */,
				720CC1D91D996EA60038BF71 /* ViewController.swift */,
				720CC1DB1D996EA60038BF71 /* Main.storyboard */,
				720CC1DE1D996EA60038BF71 /* Assets.xcassets */,
				720CC1E01D996EA60038BF71 /* LaunchScreen.storyboard */,
				720CC1E31D996EA60038BF71 /* Info.plist */,
			);
			path = 001;
			sourceTree = "<group>";
		};
		720CC1EB1D996EA60038BF71 /* 001Tests */ = {
			isa = PBXGroup;
			children = (
				720CC1EC1D996EA60038BF71 /* _01Tests.swift */,
				720CC1EE1D996EA70038BF71 /* Info.plist */,
			);
			path = 001Tests;
			sourceTree = "<group>";
		};
		720CC1F61D996EA70038BF71 /* 001UITests */ = {
			isa = PBXGroup;
			children = (
				720CC1F71D996EA70038BF71 /* _01UITests.swift */,
				720CC1F91D996EA70038BF71 /* Info.plist */,
			);
			path = 001UITests;
			sourceTree = "<group>";
		};
/* End PBXGroup section */

/* Begin PBXNativeTarget section */
		720CC1D31D996EA60038BF71 /* 001 */ = {
			isa = PBXNativeTarget;
			buildConfigurationList = 720CC1FC1D996EA70038BF71 /* Build configuration list for PBXNativeTarget "001" */;
			buildPhases = (
				720CC1D01D996EA60038BF71 /* Sources */,
				720CC1D11D996EA60038BF71 /* Frameworks */,
				720CC1D21D996EA60038BF71 /* Resources */,
			);
			buildRules = (
			);
			dependencies = (
			);
			name = 001;
			productName = 001;
			productReference = 720CC1D41D996EA60038BF71 /* 001.app */;
			productType = "com.apple.product-type.application";
		};
		720CC1E71D996EA60038BF71 /* 001Tests */ = {
			isa = PBXNativeTarget;
			buildConfigurationList = 720CC1FF1D996EA70038BF71 /* Build configuration list for PBXNativeTarget "001Tests" */;
			buildPhases = (
				720CC1E41D996EA60038BF71 /* Sources */,
				720CC1E51D996EA60038BF71 /* Frameworks */,
				720CC1E61D996EA60038BF71 /* Resources */,
			);
			buildRules = (
			);
			dependencies = (
				720CC1EA1D996EA60038BF71 /* PBXTargetDependency */,
			);
			name = 001Tests;
			productName = 001Tests;
			productReference = 720CC1E81D996EA60038BF71 /* 001Tests.xctest */;
			productType = "com.apple.product-type.bundle.unit-test";
		};
		720CC1F21D996EA70038BF71 /* 001UITests */ = {
			isa = PBXNativeTarget;
			buildConfigurationList = 720CC2021D996EA70038BF71 /* Build configuration list for PBXNativeTarget "001UITests" */;
			buildPhases = (
				720CC1EF1D996EA70038BF71 /* Sources */,
				720CC1F01D996EA70038BF71 /* Frameworks */,
				720CC1F11D996EA70038BF71 /* Resources */,
			);
			buildRules = (
			);
			dependencies = (
				720CC1F51D996EA70038BF71 /* PBXTargetDependency */,
			);
			name = 001UITests;
			productName = 001UITests;
			productReference = 720CC1F31D996EA70038BF71 /* 001UITests.xctest */;
			productType = "com.apple.product-type.bundle.ui-testing";
		};
/* End PBXNativeTarget section */

/* Begin PBXProject section */
		720CC1CC1D996EA60038BF71 /* Project object */ = {
			isa = PBXProject;
			attributes = {
				LastSwiftUpdateCheck = 0730;
				LastUpgradeCheck = 0730;
				ORGANIZATIONNAME = "Takuya Fujimura";
				TargetAttributes = {
					720CC1D31D996EA60038BF71 = {
						CreatedOnToolsVersion = 7.3.1;
					};
					720CC1E71D996EA60038BF71 = {
						CreatedOnToolsVersion = 7.3.1;
						TestTargetID = 720CC1D31D996EA60038BF71;
					};
					720CC1F21D996EA70038BF71 = {
						CreatedOnToolsVersion = 7.3.1;
						TestTargetID = 720CC1D31D996EA60038BF71;
					};
				};
			};
			buildConfigurationList = 720CC1CF1D996EA60038BF71 /* Build configuration list for PBXProject "001" */;
			compatibilityVersion = "Xcode 3.2";
			developmentRegion = English;
			hasScannedForEncodings = 0;
			knownRegions = (
				en,
				Base,
			);
			mainGroup = 720CC1CB1D996EA60038BF71;
			productRefGroup = 720CC1D51D996EA60038BF71 /* Products */;
			projectDirPath = "";
			projectRoot = "";
			targets = (
				720CC1D31D996EA60038BF71 /* 001 */,
				720CC1E71D996EA60038BF71 /* 001Tests */,
				720CC1F21D996EA70038BF71 /* 001UITests */,
			);
		};
/* End PBXProject section */

/* Begin PBXResourcesBuildPhase section */
		720CC1D21D996EA60038BF71 /* Resources */ = {
			isa = PBXResourcesBuildPhase;
			buildActionMask = 2147483647;
			files = (
				720CC1E21D996EA60038BF71 /* LaunchScreen.storyboard in Resources */,
				720CC1DF1D996EA60038BF71 /* Assets.xcassets in Resources */,
				720CC1DD1D996EA60038BF71 /* Main.storyboard in Resources */,
			);
			runOnlyForDeploymentPostprocessing = 0;
		};
		720CC1E61D996EA60038BF71 /* Resources */ = {
			isa = PBXResourcesBuildPhase;
			buildActionMask = 2147483647;
			files = (
			);
			runOnlyForDeploymentPostprocessing = 0;
		};
		720CC1F11D996EA70038BF71 /* Resources */ = {
			isa = PBXResourcesBuildPhase;
			buildActionMask = 2147483647;
			files = (
			);
			runOnlyForDeploymentPostprocessing = 0;
		};
/* End PBXResourcesBuildPhase section */

/* Begin PBXSourcesBuildPhase section */
		720CC1D01D996EA60038BF71 /* Sources */ = {
			isa = PBXSourcesBuildPhase;
			buildActionMask = 2147483647;
			files = (
				720CC1DA1D996EA60038BF71 /* ViewController.swift in Sources */,
				720CC1D81D996EA60038BF71 /* AppDelegate.swift in Sources */,
			);
			runOnlyForDeploymentPostprocessing = 0;
		};
		720CC1E41D996EA60038BF71 /* Sources */ = {
			isa = PBXSourcesBuildPhase;
			buildActionMask = 2147483647;
			files = (
				720CC1ED1D996EA60038BF71 /* _01Tests.swift in Sources */,
			);
			runOnlyForDeploymentPostprocessing = 0;
		};
		720CC1EF1D996EA70038BF71 /* Sources */ = {
			isa = PBXSourcesBuildPhase;
			buildActionMask = 2147483647;
			files = (
				720CC1F81D996EA70038BF71 /* _01UITests.swift in Sources */,
			);
			runOnlyForDeploymentPostprocessing = 0;
		};
/* End PBXSourcesBuildPhase section */

/* Begin PBXTargetDependency section */
		720CC1EA1D996EA60038BF71 /* PBXTargetDependency */ = {
			isa = PBXTargetDependency;
			target = 720CC1D31D996EA60038BF71 /* 001 */;
			targetProxy = 720CC1E91D996EA60038BF71 /* PBXContainerItemProxy */;
		};
		720CC1F51D996EA70038BF71 /* PBXTargetDependency */ = {
			isa = PBXTargetDependency;
			target = 720CC1D31D996EA60038BF71 /* 001 */;
			targetProxy = 720CC1F41D996EA70038BF71 /* PBXContainerItemProxy */;
		};
/* End PBXTargetDependency section */

/* Begin PBXVariantGroup section */
		720CC1DB1D996EA60038BF71 /* Main.storyboard */ = {
			isa = PBXVariantGroup;
			children = (
				720CC1DC1D996EA60038BF71 /* Base */,
			);
			name = Main.storyboard;
			sourceTree = "<group>";
		};
		720CC1E01D996EA60038BF71 /* LaunchScreen.storyboard */ = {
			isa = PBXVariantGroup;
			children = (
				720CC1E11D996EA60038BF71 /* Base */,
			);
			name = LaunchScreen.storyboard;
			sourceTree = "<group>";
		};
/* End PBXVariantGroup section */

/* Begin XCBuildConfiguration section */
		720CC1FA1D996EA70038BF71 /* Debug */ = {
			isa = XCBuildConfiguration;
			buildSettings = {
				ALWAYS_SEARCH_USER_PATHS = NO;
				CLANG_ANALYZER_NONNULL = YES;
				CLANG_CXX_LANGUAGE_STANDARD = "gnu++0x";
				CLANG_CXX_LIBRARY = "libc++";
				CLANG_ENABLE_MODULES = YES;
				CLANG_ENABLE_OBJC_ARC = YES;
				CLANG_WARN_BOOL_CONVERSION = YES;
				CLANG_WARN_CONSTANT_CONVERSION = YES;
				CLANG_WARN_DIRECT_OBJC_ISA_USAGE = YES_ERROR;
				CLANG_WARN_EMPTY_BODY = YES;
				CLANG_WARN_ENUM_CONVERSION = YES;
				CLANG_WARN_INT_CONVERSION = YES;
				CLANG_WARN_OBJC_ROOT_CLASS = YES_ERROR;
				CLANG_WARN_UNREACHABLE_CODE = YES;
				CLANG_WARN__DUPLICATE_METHOD_MATCH = YES;
				"CODE_SIGN_IDENTITY[sdk=iphoneos*]" = "iPhone Developer";
				COPY_PHASE_STRIP = NO;
				DEBUG_INFORMATION_FORMAT = dwarf;
				ENABLE_STRICT_OBJC_MSGSEND = YES;
				ENABLE_TESTABILITY = YES;
				GCC_C_LANGUAGE_STANDARD = gnu99;
				GCC_DYNAMIC_NO_PIC = NO;
				GCC_NO_COMMON_BLOCKS = YES;
				GCC_OPTIMIZATION_LEVEL = 0;
				GCC_PREPROCESSOR_DEFINITIONS = (
					"DEBUG=1",
					"$(inherited)",
				);
				GCC_WARN_64_TO_32_BIT_CONVERSION = YES;
				GCC_WARN_ABOUT_RETURN_TYPE = YES_ERROR;
				GCC_WARN_UNDECLARED_SELECTOR = YES;
				GCC_WARN_UNINITIALIZED_AUTOS = YES_AGGRESSIVE;
				GCC_WARN_UNUSED_FUNCTION = YES;
				GCC_WARN_UNUSED_VARIABLE = YES;
				IPHONEOS_DEPLOYMENT_TARGET = 9.3;
				MTL_ENABLE_DEBUG_INFO = YES;
				ONLY_ACTIVE_ARCH = YES;
				SDKROOT = iphoneos;
				SWIFT_OPTIMIZATION_LEVEL = "-Onone";
				TARGETED_DEVICE_FAMILY = "1,2";
			};
			name = Debug;
		};
		720CC1FB1D996EA70038BF71 /* Release */ = {
			isa = XCBuildConfiguration;
			buildSettings = {
				ALWAYS_SEARCH_USER_PATHS = NO;
				CLANG_ANALYZER_NONNULL = YES;
				CLANG_CXX_LANGUAGE_STANDARD = "gnu++0x";
				CLANG_CXX_LIBRARY = "libc++";
				CLANG_ENABLE_MODULES = YES;
				CLANG_ENABLE_OBJC_ARC = YES;
				CLANG_WARN_BOOL_CONVERSION = YES;
				CLANG_WARN_CONSTANT_CONVERSION = YES;
				CLANG_WARN_DIRECT_OBJC_ISA_USAGE = YES_ERROR;
				CLANG_WARN_EMPTY_BODY = YES;
				CLANG_WARN_ENUM_CONVERSION = YES;
				CLANG_WARN_INT_CONVERSION = YES;
				CLANG_WARN_OBJC_ROOT_CLASS = YES_ERROR;
				CLANG_WARN_UNREACHABLE_CODE = YES;
				CLANG_WARN__DUPLICATE_METHOD_MATCH = YES;
				"CODE_SIGN_IDENTITY[sdk=iphoneos*]" = "iPhone Developer";
				COPY_PHASE_STRIP = NO;
				DEBUG_INFORMATION_FORMAT = "dwarf-with-dsym";
				ENABLE_NS_ASSERTIONS = NO;
				ENABLE_STRICT_OBJC_MSGSEND = YES;
				GCC_C_LANGUAGE_STANDARD = gnu99;
				GCC_NO_COMMON_BLOCKS = YES;
				GCC_WARN_64_TO_32_BIT_CONVERSION = YES;
				GCC_WARN_ABOUT_RETURN_TYPE = YES_ERROR;
				GCC_WARN_UNDECLARED_SELECTOR = YES;
				GCC_WARN_UNINITIALIZED_AUTOS = YES_AGGRESSIVE;
				GCC_WARN_UNUSED_FUNCTION = YES;
				GCC_WARN_UNUSED_VARIABLE = YES;
				IPHONEOS_DEPLOYMENT_TARGET = 9.3;
				MTL_ENABLE_DEBUG_INFO = NO;
				SDKROOT = iphoneos;
				TARGETED_DEVICE_FAMILY = "1,2";
				VALIDATE_PRODUCT = YES;
			};
			name = Release;
		};
		720CC1FD1D996EA70038BF71 /* Debug */ = {
			isa = XCBuildConfiguration;
			buildSettings = {
				ASSETCATALOG_COMPILER_APPICON_NAME = AppIcon;
				INFOPLIST_FILE = 001/Info.plist;
				LD_RUNPATH_SEARCH_PATHS = "$(inherited) @executable_path/Frameworks";
				PRODUCT_BUNDLE_IDENTIFIER = "takuyafujimura.-01";
				PRODUCT_NAME = "$(TARGET_NAME)";
			};
			name = Debug;
		};
		720CC1FE1D996EA70038BF71 /* Release */ = {
			isa = XCBuildConfiguration;
			buildSettings = {
				ASSETCATALOG_COMPILER_APPICON_NAME = AppIcon;
				INFOPLIST_FILE = 001/Info.plist;
				LD_RUNPATH_SEARCH_PATHS = "$(inherited) @executable_path/Frameworks";
				PRODUCT_BUNDLE_IDENTIFIER = "takuyafujimura.-01";
				PRODUCT_NAME = "$(TARGET_NAME)";
			};
			name = Release;
		};
		720CC2001D996EA70038BF71 /* Debug */ = {
			isa = XCBuildConfiguration;
			buildSettings = {
				BUNDLE_LOADER = "$(TEST_HOST)";
				INFOPLIST_FILE = 001Tests/Info.plist;
				LD_RUNPATH_SEARCH_PATHS = "$(inherited) @executable_path/Frameworks @loader_path/Frameworks";
				PRODUCT_BUNDLE_IDENTIFIER = "takuyafujimura.-01Tests";
				PRODUCT_NAME = "$(TARGET_NAME)";
				TEST_HOST = "$(BUILT_PRODUCTS_DIR)/001.app/001";
			};
			name = Debug;
		};
		720CC2011D996EA70038BF71 /* Release */ = {
			isa = XCBuildConfiguration;
			buildSettings = {
				BUNDLE_LOADER = "$(TEST_HOST)";
				INFOPLIST_FILE = 001Tests/Info.plist;
				LD_RUNPATH_SEARCH_PATHS = "$(inherited) @executable_path/Frameworks @loader_path/Frameworks";
				PRODUCT_BUNDLE_IDENTIFIER = "takuyafujimura.-01Tests";
				PRODUCT_NAME = "$(TARGET_NAME)";
				TEST_HOST = "$(BUILT_PRODUCTS_DIR)/001.app/001";
			};
			name = Release;
		};
		720CC2031D996EA70038BF71 /* Debug */ = {
			isa = XCBuildConfiguration;
			buildSettings = {
				INFOPLIST_FILE = 001UITests/Info.plist;
				LD_RUNPATH_SEARCH_PATHS = "$(inherited) @executable_path/Frameworks @loader_path/Frameworks";
				PRODUCT_BUNDLE_IDENTIFIER = "takuyafujimura.-01UITests";
				PRODUCT_NAME = "$(TARGET_NAME)";
				TEST_TARGET_NAME = 001;
			};
			name = Debug;
		};
		720CC2041D996EA70038BF71 /* Release */ = {
			isa = XCBuildConfiguration;
			buildSettings = {
				INFOPLIST_FILE = 001UITests/Info.plist;
				LD_RUNPATH_SEARCH_PATHS = "$(inherited) @executable_path/Frameworks @loader_path/Frameworks";
				PRODUCT_BUNDLE_IDENTIFIER = "takuyafujimura.-01UITests";
				PRODUCT_NAME = "$(TARGET_NAME)";
				TEST_TARGET_NAME = 001;
			};
			name = Release;
		};
/* End XCBuildConfiguration section */

/* Begin XCConfigurationList section */
		720CC1CF1D996EA60038BF71 /* Build configuration list for PBXProject "001" */ = {
			isa = XCConfigurationList;
			buildConfigurations = (
				720CC1FA1D996EA70038BF71 /* Debug */,
				720CC1FB1D996EA70038BF71 /* Release */,
			);
			defaultConfigurationIsVisible = 0;
			defaultConfigurationName = Release;
		};
		720CC1FC1D996EA70038BF71 /* Build configuration list for PBXNativeTarget "001" */ = {
			isa = XCConfigurationList;
			buildConfigurations = (
				720CC1FD1D996EA70038BF71 /* Debug */,
				720CC1FE1D996EA70038BF71 /* Release */,
			);
			defaultConfigurationIsVisible = 0;
		};
		720CC1FF1D996EA70038BF71 /* Build configuration list for PBXNativeTarget "001Tests" */ = {
			isa = XCConfigurationList;
			buildConfigurations = (
				720CC2001D996EA70038BF71 /* Debug */,
				720CC2011D996EA70038BF71 /* Release */,
			);
			defaultConfigurationIsVisible = 0;
		};
		720CC2021D996EA70038BF71 /* Build configuration list for PBXNativeTarget "001UITests" */ = {
			isa = XCConfigurationList;
			buildConfigurations = (
				720CC2031D996EA70038BF71 /* Debug */,
				720CC2041D996EA70038BF71 /* Release */,
			);
			defaultConfigurationIsVisible = 0;
		};
/* End XCConfigurationList section */
	};
	rootObject = 720CC1CC1D996EA60038BF71 /* Project object */;
}
